
Microsoft Visual Studio Solution File, Format Version 12.00
# Visual Studio Version 17
VisualStudioVersion = 17.10.35013.160
MinimumVisualStudioVersion = 10.0.40219.1
Project("{FAE04EC0-301F-11D3-BF4B-00C04F79EFBC}") = "christenProject", "christenProject\christenProject.csproj", "{56BF9450-8D11-468E-94F1-822AD43C9711}"
EndProject
Global
	GlobalSection(SolutionConfigurationPlatforms) = preSolution
		Debug|Any CPU = Debug|Any CPU
		Release|Any CPU = Release|Any CPU
	EndGlobalSection
	GlobalSection(ProjectConfigurationPlatforms) = postSolution
		{56BF9450-8D11-468E-94F1-822AD43C9711}.Debug|Any CPU.ActiveCfg = Debug|Any CPU
		{56BF9450-8D11-468E-94F1-822AD43C9711}.Debug|Any CPU.Build.0 = Debug|Any CPU
		{56BF9450-8D11-468E-94F1-822AD43C9711}.Release|Any CPU.ActiveCfg = Release|Any CPU
		{56BF9450-8D11-468E-94F1-822AD43C9711}.Release|Any CPU.Build.0 = Release|Any CPU
	EndGlobalSection
	GlobalSection(SolutionProperties) = preSolution
		HideSolutionNode = FALSE
	EndGlobalSection
	GlobalSection(ExtensibilityGlobals) = postSolution
		SolutionGuid = {6BA0C66C-8997-4FF3-B4D7-424ED4BAB56D}
	EndGlobalSection
EndGlobal
